
Microsoft Visual Studio Solution File, Format Version 12.00
# Visual Studio 15
VisualStudioVersion = 15.0.27428.2027
MinimumVisualStudioVersion = 10.0.40219.1
Project("{FAE04EC0-301F-11D3-BF4B-00C04F79EFBC}") = "Immedia.Picture.Api", "Immedia_Picture_API\Immedia.Picture.Api.csproj", "{2E3FFD14-DB4D-487C-8F7F-000AE74BCA3D}"
EndProject
Project("{FAE04EC0-301F-11D3-BF4B-00C04F79EFBC}") = "Immedia.Picture.Data", "Immedia.Picture.Data\Immedia.Picture.Data.csproj", "{C26EC760-F612-4B27-8248-4409377C9B6E}"
EndProject
Project("{FAE04EC0-301F-11D3-BF4B-00C04F79EFBC}") = "Immedia.Picture.Business", "Immedia.Picture.Business\Immedia.Picture.Business.csproj", "{396A9330-0249-4C3A-998A-8D7F5C3B4A3B}"
EndProject
Project("{FAE04EC0-301F-11D3-BF4B-00C04F79EFBC}") = "Immedia.Picture.Api.Request", "Immedia.Picture.Api.Request\Immedia.Picture.Api.Request.csproj", "{BFA513D4-6A31-4768-B972-61B0CFA6DA21}"
EndProject
Global
	GlobalSection(SolutionConfigurationPlatforms) = preSolution
		Debug|Any CPU = Debug|Any CPU
		Release|Any CPU = Release|Any CPU
	EndGlobalSection
	GlobalSection(ProjectConfigurationPlatforms) = postSolution
		{2E3FFD14-DB4D-487C-8F7F-000AE74BCA3D}.Debug|Any CPU.ActiveCfg = Debug|Any CPU
		{2E3FFD14-DB4D-487C-8F7F-000AE74BCA3D}.Debug|Any CPU.Build.0 = Debug|Any CPU
		{2E3FFD14-DB4D-487C-8F7F-000AE74BCA3D}.Release|Any CPU.ActiveCfg = Release|Any CPU
		{2E3FFD14-DB4D-487C-8F7F-000AE74BCA3D}.Release|Any CPU.Build.0 = Release|Any CPU
		{C26EC760-F612-4B27-8248-4409377C9B6E}.Debug|Any CPU.ActiveCfg = Debug|Any CPU
		{C26EC760-F612-4B27-8248-4409377C9B6E}.Debug|Any CPU.Build.0 = Debug|Any CPU
		{C26EC760-F612-4B27-8248-4409377C9B6E}.Release|Any CPU.ActiveCfg = Release|Any CPU
		{C26EC760-F612-4B27-8248-4409377C9B6E}.Release|Any CPU.Build.0 = Release|Any CPU
		{396A9330-0249-4C3A-998A-8D7F5C3B4A3B}.Debug|Any CPU.ActiveCfg = Debug|Any CPU
		{396A9330-0249-4C3A-998A-8D7F5C3B4A3B}.Debug|Any CPU.Build.0 = Debug|Any CPU
		{396A9330-0249-4C3A-998A-8D7F5C3B4A3B}.Release|Any CPU.ActiveCfg = Release|Any CPU
		{396A9330-0249-4C3A-998A-8D7F5C3B4A3B}.Release|Any CPU.Build.0 = Release|Any CPU
		{BFA513D4-6A31-4768-B972-61B0CFA6DA21}.Debug|Any CPU.ActiveCfg = Debug|Any CPU
		{BFA513D4-6A31-4768-B972-61B0CFA6DA21}.Debug|Any CPU.Build.0 = Debug|Any CPU
		{BFA513D4-6A31-4768-B972-61B0CFA6DA21}.Release|Any CPU.ActiveCfg = Release|Any CPU
		{BFA513D4-6A31-4768-B972-61B0CFA6DA21}.Release|Any CPU.Build.0 = Release|Any CPU
	EndGlobalSection
	GlobalSection(SolutionProperties) = preSolution
		HideSolutionNode = FALSE
	EndGlobalSection
	GlobalSection(ExtensibilityGlobals) = postSolution
		SolutionGuid = {8EA75B0A-A007-4FFE-AD89-235AFDFA80FD}
	EndGlobalSection
EndGlobal
